<?xml version="1.0" encoding="UTF-8" standalone="yes" ?>
<CodeBlocks_project_file>
	<FileVersion major="1" minor="6" />
	<Project>
		<Option title="StarSpar" />
		<Option pch_mode="2" />
		<Option compiler="gcc" />
		<Option virtualFolders="Anim\;" />
		<Build>
			<Target title="Debug">
				<Option output="bin/Debug/StarSpar" prefix_auto="1" extension_auto="1" />
				<Option object_output="obj/Debug/" />
				<Option type="0" />
				<Option compiler="gcc" />
				<Compiler>
					<Add option="-g" />
				</Compiler>
			</Target>
		</Build>
		<Compiler>
			<Add option="-Wall" />
			<Add directory="D:/lib/freeglut/include" />
		</Compiler>
		<Linker>
			<Add library="OpenGL32" />
			<Add library="glu32" />
			<Add library="freeglut" />
			<Add directory="D:/lib/freeglut/lib" />
			<Add directory="D:/lib/freeglut/bin" />
		</Linker>
		<Unit filename="Animation.cpp">
			<Option virtualFolder="Anim/" />
		</Unit>
		<Unit filename="Animation.h">
			<Option virtualFolder="Anim/" />
		</Unit>
		<Unit filename="LOpenGL.h" />
		<Unit filename="LUtil.cpp" />
		<Unit filename="LUtil.h" />
		<Unit filename="LightningAnim.cpp">
			<Option virtualFolder="Anim/" />
		</Unit>
		<Unit filename="LightningAnim.h">
			<Option virtualFolder="Anim/" />
		</Unit>
		<Unit filename="animations.h" />
		<Unit filename="main.cpp" />
		<Extensions>
			<code_completion />
			<debugger />
			<envvars />
		</Extensions>
	</Project>
</CodeBlocks_project_file>
